
Microsoft Visual Studio Solution File, Format Version 12.00
# Visual Studio Version 17
VisualStudioVersion = 17.4.33205.214
MinimumVisualStudioVersion = 10.0.40219.1
Project("{FAE04EC0-301F-11D3-BF4B-00C04F79EFBC}") = "BlazorIntro", "BlazorIntro\BlazorIntro.csproj", "{0DF7D2B5-B85B-4EF0-B280-118B0E880110}"
EndProject
Project("{FAE04EC0-301F-11D3-BF4B-00C04F79EFBC}") = "Employeemanagement.Models", "Employeemanagement.Models\Employeemanagement.Models.csproj", "{BBB2144B-87DC-47FE-BAB8-6018A8D2A2E2}"
EndProject
Global
	GlobalSection(SolutionConfigurationPlatforms) = preSolution
		Debug|Any CPU = Debug|Any CPU
		Release|Any CPU = Release|Any CPU
	EndGlobalSection
	GlobalSection(ProjectConfigurationPlatforms) = postSolution
		{0DF7D2B5-B85B-4EF0-B280-118B0E880110}.Debug|Any CPU.ActiveCfg = Debug|Any CPU
		{0DF7D2B5-B85B-4EF0-B280-118B0E880110}.Debug|Any CPU.Build.0 = Debug|Any CPU
		{0DF7D2B5-B85B-4EF0-B280-118B0E880110}.Release|Any CPU.ActiveCfg = Release|Any CPU
		{0DF7D2B5-B85B-4EF0-B280-118B0E880110}.Release|Any CPU.Build.0 = Release|Any CPU
		{BBB2144B-87DC-47FE-BAB8-6018A8D2A2E2}.Debug|Any CPU.ActiveCfg = Debug|Any CPU
		{BBB2144B-87DC-47FE-BAB8-6018A8D2A2E2}.Debug|Any CPU.Build.0 = Debug|Any CPU
		{BBB2144B-87DC-47FE-BAB8-6018A8D2A2E2}.Release|Any CPU.ActiveCfg = Release|Any CPU
		{BBB2144B-87DC-47FE-BAB8-6018A8D2A2E2}.Release|Any CPU.Build.0 = Release|Any CPU
	EndGlobalSection
	GlobalSection(SolutionProperties) = preSolution
		HideSolutionNode = FALSE
	EndGlobalSection
	GlobalSection(ExtensibilityGlobals) = postSolution
		SolutionGuid = {2BF787DF-A56F-417F-B6C9-F5A14E0AE519}
	EndGlobalSection
EndGlobal
